
Microsoft Visual Studio Solution File, Format Version 12.00
# Visual Studio 15
VisualStudioVersion = 15.0.26430.4
MinimumVisualStudioVersion = 10.0.40219.1
Project("{FAE04EC0-301F-11D3-BF4B-00C04F79EFBC}") = "RSSReader.Android", "RSSReader\RSSReader.Android\RSSReader.Android.csproj", "{53220EF2-9135-4A85-AFD5-B9F79AAA6505}"
EndProject
Project("{FAE04EC0-301F-11D3-BF4B-00C04F79EFBC}") = "RSSReader", "RSSReader\RSSReader\RSSReader.csproj", "{A84CBD25-3FC0-48D0-8780-7945FD17E90C}"
EndProject
Project("{FAE04EC0-301F-11D3-BF4B-00C04F79EFBC}") = "RSSReader.UWP", "RSSReader\RSSReader.UWP\RSSReader.UWP.csproj", "{5E4BDD7E-17F0-4F16-99AB-A574A7EEC4B6}"
EndProject
Project("{FAE04EC0-301F-11D3-BF4B-00C04F79EFBC}") = "RSSReader.iOS", "RSSReader\RSSReader.iOS\RSSReader.iOS.csproj", "{8CB529EB-9ED9-4314-9BCD-50F435B04807}"
EndProject
Project("{2150E333-8FDC-42A3-9474-1A3956D46DE8}") = "RSS Examples", "RSS Examples", "{74725AA6-AB65-4C55-BD08-C25C2647867D}"
	ProjectSection(SolutionItems) = preProject
		..\..\Users\EnryPC\Desktop\bbc-uk.xml = ..\..\Users\EnryPC\Desktop\bbc-uk.xml
		..\..\Users\EnryPC\Desktop\reuters - techno.xml = ..\..\Users\EnryPC\Desktop\reuters - techno.xml
		..\..\Users\EnryPC\Desktop\reuters - uk.xml = ..\..\Users\EnryPC\Desktop\reuters - uk.xml
	EndProjectSection
EndProject
Project("{2150E333-8FDC-42A3-9474-1A3956D46DE8}") = "Web", "Web", "{E1CEE8AC-999E-48B3-A8CA-36570F0A62CF}"
EndProject
Project("{FAE04EC0-301F-11D3-BF4B-00C04F79EFBC}") = "RSSReader.Web", "RSSReader.Web\RSSReader.Web.csproj", "{473A8E0A-49CC-44B7-85E1-AFCB51261285}"
EndProject
Project("{2150E333-8FDC-42A3-9474-1A3956D46DE8}") = "Data", "Data", "{CEE5B7BC-6F68-4EC6-9788-5ECEEE7FDE11}"
EndProject
Project("{FAE04EC0-301F-11D3-BF4B-00C04F79EFBC}") = "RSSReader.Data", "RSSReader.Data\RSSReader.Data.csproj", "{CF6C4CFD-F578-4AC0-AD2F-368D6BCA06B3}"
EndProject
Project("{FAE04EC0-301F-11D3-BF4B-00C04F79EFBC}") = "RSSReader.Repository", "RSSReader.Repository\RSSReader.Repository.csproj", "{3A6868D2-DC60-4653-A15E-44610F330BE4}"
EndProject
Project("{FAE04EC0-301F-11D3-BF4B-00C04F79EFBC}") = "RSSReader.EventsArgs", "RSSReader.EventsArgs\RSSReader.EventsArgs.csproj", "{9EBD8847-3D2E-4AC4-AE56-6A30924BE279}"
EndProject
Project("{FAE04EC0-301F-11D3-BF4B-00C04F79EFBC}") = "RSSReader.Interfaces", "RSSReader.Interfaces\RSSReader.Interfaces.csproj", "{3A2ECC3A-2594-432C-B57E-6FF62E0DD386}"
EndProject
Project("{FAE04EC0-301F-11D3-BF4B-00C04F79EFBC}") = "RSSReader.Logs", "RSSReader.Logs\RSSReader.Logs.csproj", "{414BAFCE-B234-43A6-84E1-8F64AD69AA04}"
EndProject
Global
	GlobalSection(SolutionConfigurationPlatforms) = preSolution
		Ad-Hoc|Any CPU = Ad-Hoc|Any CPU
		Ad-Hoc|ARM = Ad-Hoc|ARM
		Ad-Hoc|iPhone = Ad-Hoc|iPhone
		Ad-Hoc|iPhoneSimulator = Ad-Hoc|iPhoneSimulator
		Ad-Hoc|x64 = Ad-Hoc|x64
		Ad-Hoc|x86 = Ad-Hoc|x86
		AppStore|Any CPU = AppStore|Any CPU
		AppStore|ARM = AppStore|ARM
		AppStore|iPhone = AppStore|iPhone
		AppStore|iPhoneSimulator = AppStore|iPhoneSimulator
		AppStore|x64 = AppStore|x64
		AppStore|x86 = AppStore|x86
		Debug|Any CPU = Debug|Any CPU
		Debug|ARM = Debug|ARM
		Debug|iPhone = Debug|iPhone
		Debug|iPhoneSimulator = Debug|iPhoneSimulator
		Debug|x64 = Debug|x64
		Debug|x86 = Debug|x86
		Release|Any CPU = Release|Any CPU
		Release|ARM = Release|ARM
		Release|iPhone = Release|iPhone
		Release|iPhoneSimulator = Release|iPhoneSimulator
		Release|x64 = Release|x64
		Release|x86 = Release|x86
	EndGlobalSection
	GlobalSection(ProjectConfigurationPlatforms) = postSolution
		{53220EF2-9135-4A85-AFD5-B9F79AAA6505}.Ad-Hoc|Any CPU.ActiveCfg = Release|Any CPU
		{53220EF2-9135-4A85-AFD5-B9F79AAA6505}.Ad-Hoc|Any CPU.Build.0 = Release|Any CPU
		{53220EF2-9135-4A85-AFD5-B9F79AAA6505}.Ad-Hoc|Any CPU.Deploy.0 = Release|Any CPU
		{53220EF2-9135-4A85-AFD5-B9F79AAA6505}.Ad-Hoc|ARM.ActiveCfg = Release|Any CPU
		{53220EF2-9135-4A85-AFD5-B9F79AAA6505}.Ad-Hoc|ARM.Build.0 = Release|Any CPU
		{53220EF2-9135-4A85-AFD5-B9F79AAA6505}.Ad-Hoc|ARM.Deploy.0 = Release|Any CPU
		{53220EF2-9135-4A85-AFD5-B9F79AAA6505}.Ad-Hoc|iPhone.ActiveCfg = Release|Any CPU
		{53220EF2-9135-4A85-AFD5-B9F79AAA6505}.Ad-Hoc|iPhone.Build.0 = Release|Any CPU
		{53220EF2-9135-4A85-AFD5-B9F79AAA6505}.Ad-Hoc|iPhone.Deploy.0 = Release|Any CPU
		{53220EF2-9135-4A85-AFD5-B9F79AAA6505}.Ad-Hoc|iPhoneSimulator.ActiveCfg = Release|Any CPU
		{53220EF2-9135-4A85-AFD5-B9F79AAA6505}.Ad-Hoc|iPhoneSimulator.Build.0 = Release|Any CPU
		{53220EF2-9135-4A85-AFD5-B9F79AAA6505}.Ad-Hoc|iPhoneSimulator.Deploy.0 = Release|Any CPU
		{53220EF2-9135-4A85-AFD5-B9F79AAA6505}.Ad-Hoc|x64.ActiveCfg = Release|Any CPU
		{53220EF2-9135-4A85-AFD5-B9F79AAA6505}.Ad-Hoc|x64.Build.0 = Release|Any CPU
		{53220EF2-9135-4A85-AFD5-B9F79AAA6505}.Ad-Hoc|x64.Deploy.0 = Release|Any CPU
		{53220EF2-9135-4A85-AFD5-B9F79AAA6505}.Ad-Hoc|x86.ActiveCfg = Release|Any CPU
		{53220EF2-9135-4A85-AFD5-B9F79AAA6505}.Ad-Hoc|x86.Build.0 = Release|Any CPU
		{53220EF2-9135-4A85-AFD5-B9F79AAA6505}.Ad-Hoc|x86.Deploy.0 = Release|Any CPU
		{53220EF2-9135-4A85-AFD5-B9F79AAA6505}.AppStore|Any CPU.ActiveCfg = Release|Any CPU
		{53220EF2-9135-4A85-AFD5-B9F79AAA6505}.AppStore|Any CPU.Build.0 = Release|Any CPU
		{53220EF2-9135-4A85-AFD5-B9F79AAA6505}.AppStore|Any CPU.Deploy.0 = Release|Any CPU
		{53220EF2-9135-4A85-AFD5-B9F79AAA6505}.AppStore|ARM.ActiveCfg = Release|Any CPU
		{53220EF2-9135-4A85-AFD5-B9F79AAA6505}.AppStore|ARM.Build.0 = Release|Any CPU
		{53220EF2-9135-4A85-AFD5-B9F79AAA6505}.AppStore|ARM.Deploy.0 = Release|Any CPU
		{53220EF2-9135-4A85-AFD5-B9F79AAA6505}.AppStore|iPhone.ActiveCfg = Release|Any CPU
		{53220EF2-9135-4A85-AFD5-B9F79AAA6505}.AppStore|iPhone.Build.0 = Release|Any CPU
		{53220EF2-9135-4A85-AFD5-B9F79AAA6505}.AppStore|iPhone.Deploy.0 = Release|Any CPU
		{53220EF2-9135-4A85-AFD5-B9F79AAA6505}.AppStore|iPhoneSimulator.ActiveCfg = Release|Any CPU
		{53220EF2-9135-4A85-AFD5-B9F79AAA6505}.AppStore|iPhoneSimulator.Build.0 = Release|Any CPU
		{53220EF2-9135-4A85-AFD5-B9F79AAA6505}.AppStore|iPhoneSimulator.Deploy.0 = Release|Any CPU
		{53220EF2-9135-4A85-AFD5-B9F79AAA6505}.AppStore|x64.ActiveCfg = Release|Any CPU
		{53220EF2-9135-4A85-AFD5-B9F79AAA6505}.AppStore|x64.Build.0 = Release|Any CPU
		{53220EF2-9135-4A85-AFD5-B9F79AAA6505}.AppStore|x64.Deploy.0 = Release|Any CPU
		{53220EF2-9135-4A85-AFD5-B9F79AAA6505}.AppStore|x86.ActiveCfg = Release|Any CPU
		{53220EF2-9135-4A85-AFD5-B9F79AAA6505}.AppStore|x86.Build.0 = Release|Any CPU
		{53220EF2-9135-4A85-AFD5-B9F79AAA6505}.AppStore|x86.Deploy.0 = Release|Any CPU
		{53220EF2-9135-4A85-AFD5-B9F79AAA6505}.Debug|Any CPU.ActiveCfg = Debug|Any CPU
		{53220EF2-9135-4A85-AFD5-B9F79AAA6505}.Debug|Any CPU.Build.0 = Debug|Any CPU
		{53220EF2-9135-4A85-AFD5-B9F79AAA6505}.Debug|Any CPU.Deploy.0 = Debug|Any CPU
		{53220EF2-9135-4A85-AFD5-B9F79AAA6505}.Debug|ARM.ActiveCfg = Debug|Any CPU
		{53220EF2-9135-4A85-AFD5-B9F79AAA6505}.Debug|ARM.Build.0 = Debug|Any CPU
		{53220EF2-9135-4A85-AFD5-B9F79AAA6505}.Debug|ARM.Deploy.0 = Debug|Any CPU
		{53220EF2-9135-4A85-AFD5-B9F79AAA6505}.Debug|iPhone.ActiveCfg = Debug|Any CPU
		{53220EF2-9135-4A85-AFD5-B9F79AAA6505}.Debug|iPhone.Build.0 = Debug|Any CPU
		{53220EF2-9135-4A85-AFD5-B9F79AAA6505}.Debug|iPhone.Deploy.0 = Debug|Any CPU
		{53220EF2-9135-4A85-AFD5-B9F79AAA6505}.Debug|iPhoneSimulator.ActiveCfg = Debug|Any CPU
		{53220EF2-9135-4A85-AFD5-B9F79AAA6505}.Debug|iPhoneSimulator.Build.0 = Debug|Any CPU
		{53220EF2-9135-4A85-AFD5-B9F79AAA6505}.Debug|iPhoneSimulator.Deploy.0 = Debug|Any CPU
		{53220EF2-9135-4A85-AFD5-B9F79AAA6505}.Debug|x64.ActiveCfg = Debug|Any CPU
		{53220EF2-9135-4A85-AFD5-B9F79AAA6505}.Debug|x64.Build.0 = Debug|Any CPU
		{53220EF2-9135-4A85-AFD5-B9F79AAA6505}.Debug|x64.Deploy.0 = Debug|Any CPU
		{53220EF2-9135-4A85-AFD5-B9F79AAA6505}.Debug|x86.ActiveCfg = Debug|Any CPU
		{53220EF2-9135-4A85-AFD5-B9F79AAA6505}.Debug|x86.Build.0 = Debug|Any CPU
		{53220EF2-9135-4A85-AFD5-B9F79AAA6505}.Debug|x86.Deploy.0 = Debug|Any CPU
		{53220EF2-9135-4A85-AFD5-B9F79AAA6505}.Release|Any CPU.ActiveCfg = Release|Any CPU
		{53220EF2-9135-4A85-AFD5-B9F79AAA6505}.Release|Any CPU.Build.0 = Release|Any CPU
		{53220EF2-9135-4A85-AFD5-B9F79AAA6505}.Release|Any CPU.Deploy.0 = Release|Any CPU
		{53220EF2-9135-4A85-AFD5-B9F79AAA6505}.Release|ARM.ActiveCfg = Release|Any CPU
		{53220EF2-9135-4A85-AFD5-B9F79AAA6505}.Release|ARM.Build.0 = Release|Any CPU
		{53220EF2-9135-4A85-AFD5-B9F79AAA6505}.Release|ARM.Deploy.0 = Release|Any CPU
		{53220EF2-9135-4A85-AFD5-B9F79AAA6505}.Release|iPhone.ActiveCfg = Release|Any CPU
		{53220EF2-9135-4A85-AFD5-B9F79AAA6505}.Release|iPhone.Build.0 = Release|Any CPU
		{53220EF2-9135-4A85-AFD5-B9F79AAA6505}.Release|iPhone.Deploy.0 = Release|Any CPU
		{53220EF2-9135-4A85-AFD5-B9F79AAA6505}.Release|iPhoneSimulator.ActiveCfg = Release|Any CPU
		{53220EF2-9135-4A85-AFD5-B9F79AAA6505}.Release|iPhoneSimulator.Build.0 = Release|Any CPU
		{53220EF2-9135-4A85-AFD5-B9F79AAA6505}.Release|iPhoneSimulator.Deploy.0 = Release|Any CPU
		{53220EF2-9135-4A85-AFD5-B9F79AAA6505}.Release|x64.ActiveCfg = Release|Any CPU
		{53220EF2-9135-4A85-AFD5-B9F79AAA6505}.Release|x64.Build.0 = Release|Any CPU
		{53220EF2-9135-4A85-AFD5-B9F79AAA6505}.Release|x64.Deploy.0 = Release|Any CPU
		{53220EF2-9135-4A85-AFD5-B9F79AAA6505}.Release|x86.ActiveCfg = Release|Any CPU
		{53220EF2-9135-4A85-AFD5-B9F79AAA6505}.Release|x86.Build.0 = Release|Any CPU
		{53220EF2-9135-4A85-AFD5-B9F79AAA6505}.Release|x86.Deploy.0 = Release|Any CPU
		{A84CBD25-3FC0-48D0-8780-7945FD17E90C}.Ad-Hoc|Any CPU.ActiveCfg = Release|Any CPU
		{A84CBD25-3FC0-48D0-8780-7945FD17E90C}.Ad-Hoc|Any CPU.Build.0 = Release|Any CPU
		{A84CBD25-3FC0-48D0-8780-7945FD17E90C}.Ad-Hoc|ARM.ActiveCfg = Release|Any CPU
		{A84CBD25-3FC0-48D0-8780-7945FD17E90C}.Ad-Hoc|ARM.Build.0 = Release|Any CPU
		{A84CBD25-3FC0-48D0-8780-7945FD17E90C}.Ad-Hoc|iPhone.ActiveCfg = Release|Any CPU
		{A84CBD25-3FC0-48D0-8780-7945FD17E90C}.Ad-Hoc|iPhone.Build.0 = Release|Any CPU
		{A84CBD25-3FC0-48D0-8780-7945FD17E90C}.Ad-Hoc|iPhoneSimulator.ActiveCfg = Release|Any CPU
		{A84CBD25-3FC0-48D0-8780-7945FD17E90C}.Ad-Hoc|iPhoneSimulator.Build.0 = Release|Any CPU
		{A84CBD25-3FC0-48D0-8780-7945FD17E90C}.Ad-Hoc|x64.ActiveCfg = Release|Any CPU
		{A84CBD25-3FC0-48D0-8780-7945FD17E90C}.Ad-Hoc|x64.Build.0 = Release|Any CPU
		{A84CBD25-3FC0-48D0-8780-7945FD17E90C}.Ad-Hoc|x86.ActiveCfg = Release|Any CPU
		{A84CBD25-3FC0-48D0-8780-7945FD17E90C}.Ad-Hoc|x86.Build.0 = Release|Any CPU
		{A84CBD25-3FC0-48D0-8780-7945FD17E90C}.AppStore|Any CPU.ActiveCfg = Release|Any CPU
		{A84CBD25-3FC0-48D0-8780-7945FD17E90C}.AppStore|Any CPU.Build.0 = Release|Any CPU
		{A84CBD25-3FC0-48D0-8780-7945FD17E90C}.AppStore|ARM.ActiveCfg = Release|Any CPU
		{A84CBD25-3FC0-48D0-8780-7945FD17E90C}.AppStore|ARM.Build.0 = Release|Any CPU
		{A84CBD25-3FC0-48D0-8780-7945FD17E90C}.AppStore|iPhone.ActiveCfg = Release|Any CPU
		{A84CBD25-3FC0-48D0-8780-7945FD17E90C}.AppStore|iPhone.Build.0 = Release|Any CPU
		{A84CBD25-3FC0-48D0-8780-7945FD17E90C}.AppStore|iPhoneSimulator.ActiveCfg = Release|Any CPU
		{A84CBD25-3FC0-48D0-8780-7945FD17E90C}.AppStore|iPhoneSimulator.Build.0 = Release|Any CPU
		{A84CBD25-3FC0-48D0-8780-7945FD17E90C}.AppStore|x64.ActiveCfg = Release|Any CPU
		{A84CBD25-3FC0-48D0-8780-7945FD17E90C}.AppStore|x64.Build.0 = Release|Any CPU
		{A84CBD25-3FC0-48D0-8780-7945FD17E90C}.AppStore|x86.ActiveCfg = Release|Any CPU
		{A84CBD25-3FC0-48D0-8780-7945FD17E90C}.AppStore|x86.Build.0 = Release|Any CPU
		{A84CBD25-3FC0-48D0-8780-7945FD17E90C}.Debug|Any CPU.ActiveCfg = Debug|Any CPU
		{A84CBD25-3FC0-48D0-8780-7945FD17E90C}.Debug|Any CPU.Build.0 = Debug|Any CPU
		{A84CBD25-3FC0-48D0-8780-7945FD17E90C}.Debug|ARM.ActiveCfg = Debug|Any CPU
		{A84CBD25-3FC0-48D0-8780-7945FD17E90C}.Debug|ARM.Build.0 = Debug|Any CPU
		{A84CBD25-3FC0-48D0-8780-7945FD17E90C}.Debug|iPhone.ActiveCfg = Debug|Any CPU
		{A84CBD25-3FC0-48D0-8780-7945FD17E90C}.Debug|iPhone.Build.0 = Debug|Any CPU
		{A84CBD25-3FC0-48D0-8780-7945FD17E90C}.Debug|iPhoneSimulator.ActiveCfg = Debug|Any CPU
		{A84CBD25-3FC0-48D0-8780-7945FD17E90C}.Debug|iPhoneSimulator.Build.0 = Debug|Any CPU
		{A84CBD25-3FC0-48D0-8780-7945FD17E90C}.Debug|x64.ActiveCfg = Debug|Any CPU
		{A84CBD25-3FC0-48D0-8780-7945FD17E90C}.Debug|x64.Build.0 = Debug|Any CPU
		{A84CBD25-3FC0-48D0-8780-7945FD17E90C}.Debug|x86.ActiveCfg = Debug|Any CPU
		{A84CBD25-3FC0-48D0-8780-7945FD17E90C}.Debug|x86.Build.0 = Debug|Any CPU
		{A84CBD25-3FC0-48D0-8780-7945FD17E90C}.Release|Any CPU.ActiveCfg = Release|Any CPU
		{A84CBD25-3FC0-48D0-8780-7945FD17E90C}.Release|Any CPU.Build.0 = Release|Any CPU
		{A84CBD25-3FC0-48D0-8780-7945FD17E90C}.Release|ARM.ActiveCfg = Release|Any CPU
		{A84CBD25-3FC0-48D0-8780-7945FD17E90C}.Release|ARM.Build.0 = Release|Any CPU
		{A84CBD25-3FC0-48D0-8780-7945FD17E90C}.Release|iPhone.ActiveCfg = Release|Any CPU
		{A84CBD25-3FC0-48D0-8780-7945FD17E90C}.Release|iPhone.Build.0 = Release|Any CPU
		{A84CBD25-3FC0-48D0-8780-7945FD17E90C}.Release|iPhoneSimulator.ActiveCfg = Release|Any CPU
		{A84CBD25-3FC0-48D0-8780-7945FD17E90C}.Release|iPhoneSimulator.Build.0 = Release|Any CPU
		{A84CBD25-3FC0-48D0-8780-7945FD17E90C}.Release|x64.ActiveCfg = Release|Any CPU
		{A84CBD25-3FC0-48D0-8780-7945FD17E90C}.Release|x64.Build.0 = Release|Any CPU
		{A84CBD25-3FC0-48D0-8780-7945FD17E90C}.Release|x86.ActiveCfg = Release|Any CPU
		{A84CBD25-3FC0-48D0-8780-7945FD17E90C}.Release|x86.Build.0 = Release|Any CPU
		{5E4BDD7E-17F0-4F16-99AB-A574A7EEC4B6}.Ad-Hoc|Any CPU.ActiveCfg = Release|x86
		{5E4BDD7E-17F0-4F16-99AB-A574A7EEC4B6}.Ad-Hoc|Any CPU.Build.0 = Release|x86
		{5E4BDD7E-17F0-4F16-99AB-A574A7EEC4B6}.Ad-Hoc|Any CPU.Deploy.0 = Release|x86
		{5E4BDD7E-17F0-4F16-99AB-A574A7EEC4B6}.Ad-Hoc|ARM.ActiveCfg = Release|ARM
		{5E4BDD7E-17F0-4F16-99AB-A574A7EEC4B6}.Ad-Hoc|ARM.Build.0 = Release|ARM
		{5E4BDD7E-17F0-4F16-99AB-A574A7EEC4B6}.Ad-Hoc|ARM.Deploy.0 = Release|ARM
		{5E4BDD7E-17F0-4F16-99AB-A574A7EEC4B6}.Ad-Hoc|iPhone.ActiveCfg = Release|x86
		{5E4BDD7E-17F0-4F16-99AB-A574A7EEC4B6}.Ad-Hoc|iPhone.Build.0 = Release|x86
		{5E4BDD7E-17F0-4F16-99AB-A574A7EEC4B6}.Ad-Hoc|iPhone.Deploy.0 = Release|x86
		{5E4BDD7E-17F0-4F16-99AB-A574A7EEC4B6}.Ad-Hoc|iPhoneSimulator.ActiveCfg = Release|x86
		{5E4BDD7E-17F0-4F16-99AB-A574A7EEC4B6}.Ad-Hoc|iPhoneSimulator.Build.0 = Release|x86
		{5E4BDD7E-17F0-4F16-99AB-A574A7EEC4B6}.Ad-Hoc|iPhoneSimulator.Deploy.0 = Release|x86
		{5E4BDD7E-17F0-4F16-99AB-A574A7EEC4B6}.Ad-Hoc|x64.ActiveCfg = Release|x64
		{5E4BDD7E-17F0-4F16-99AB-A574A7EEC4B6}.Ad-Hoc|x64.Build.0 = Release|x64
		{5E4BDD7E-17F0-4F16-99AB-A574A7EEC4B6}.Ad-Hoc|x64.Deploy.0 = Release|x64
		{5E4BDD7E-17F0-4F16-99AB-A574A7EEC4B6}.Ad-Hoc|x86.ActiveCfg = Release|x86
		{5E4BDD7E-17F0-4F16-99AB-A574A7EEC4B6}.Ad-Hoc|x86.Build.0 = Release|x86
		{5E4BDD7E-17F0-4F16-99AB-A574A7EEC4B6}.Ad-Hoc|x86.Deploy.0 = Release|x86
		{5E4BDD7E-17F0-4F16-99AB-A574A7EEC4B6}.AppStore|Any CPU.ActiveCfg = Release|x86
		{5E4BDD7E-17F0-4F16-99AB-A574A7EEC4B6}.AppStore|Any CPU.Build.0 = Release|x86
		{5E4BDD7E-17F0-4F16-99AB-A574A7EEC4B6}.AppStore|Any CPU.Deploy.0 = Release|x86
		{5E4BDD7E-17F0-4F16-99AB-A574A7EEC4B6}.AppStore|ARM.ActiveCfg = Release|ARM
		{5E4BDD7E-17F0-4F16-99AB-A574A7EEC4B6}.AppStore|ARM.Build.0 = Release|ARM
		{5E4BDD7E-17F0-4F16-99AB-A574A7EEC4B6}.AppStore|ARM.Deploy.0 = Release|ARM
		{5E4BDD7E-17F0-4F16-99AB-A574A7EEC4B6}.AppStore|iPhone.ActiveCfg = Release|x86
		{5E4BDD7E-17F0-4F16-99AB-A574A7EEC4B6}.AppStore|iPhone.Build.0 = Release|x86
		{5E4BDD7E-17F0-4F16-99AB-A574A7EEC4B6}.AppStore|iPhone.Deploy.0 = Release|x86
		{5E4BDD7E-17F0-4F16-99AB-A574A7EEC4B6}.AppStore|iPhoneSimulator.ActiveCfg = Release|x86
		{5E4BDD7E-17F0-4F16-99AB-A574A7EEC4B6}.AppStore|iPhoneSimulator.Build.0 = Release|x86
		{5E4BDD7E-17F0-4F16-99AB-A574A7EEC4B6}.AppStore|iPhoneSimulator.Deploy.0 = Release|x86
		{5E4BDD7E-17F0-4F16-99AB-A574A7EEC4B6}.AppStore|x64.ActiveCfg = Release|x64
		{5E4BDD7E-17F0-4F16-99AB-A574A7EEC4B6}.AppStore|x64.Build.0 = Release|x64
		{5E4BDD7E-17F0-4F16-99AB-A574A7EEC4B6}.AppStore|x64.Deploy.0 = Release|x64
		{5E4BDD7E-17F0-4F16-99AB-A574A7EEC4B6}.AppStore|x86.ActiveCfg = Release|x86
		{5E4BDD7E-17F0-4F16-99AB-A574A7EEC4B6}.AppStore|x86.Build.0 = Release|x86
		{5E4BDD7E-17F0-4F16-99AB-A574A7EEC4B6}.AppStore|x86.Deploy.0 = Release|x86
		{5E4BDD7E-17F0-4F16-99AB-A574A7EEC4B6}.Debug|Any CPU.ActiveCfg = Debug|x86
		{5E4BDD7E-17F0-4F16-99AB-A574A7EEC4B6}.Debug|ARM.ActiveCfg = Debug|ARM
		{5E4BDD7E-17F0-4F16-99AB-A574A7EEC4B6}.Debug|ARM.Build.0 = Debug|ARM
		{5E4BDD7E-17F0-4F16-99AB-A574A7EEC4B6}.Debug|ARM.Deploy.0 = Debug|ARM
		{5E4BDD7E-17F0-4F16-99AB-A574A7EEC4B6}.Debug|iPhone.ActiveCfg = Debug|x86
		{5E4BDD7E-17F0-4F16-99AB-A574A7EEC4B6}.Debug|iPhoneSimulator.ActiveCfg = Debug|x86
		{5E4BDD7E-17F0-4F16-99AB-A574A7EEC4B6}.Debug|x64.ActiveCfg = Debug|x64
		{5E4BDD7E-17F0-4F16-99AB-A574A7EEC4B6}.Debug|x64.Build.0 = Debug|x64
		{5E4BDD7E-17F0-4F16-99AB-A574A7EEC4B6}.Debug|x64.Deploy.0 = Debug|x64
		{5E4BDD7E-17F0-4F16-99AB-A574A7EEC4B6}.Debug|x86.ActiveCfg = Debug|x86
		{5E4BDD7E-17F0-4F16-99AB-A574A7EEC4B6}.Debug|x86.Build.0 = Debug|x86
		{5E4BDD7E-17F0-4F16-99AB-A574A7EEC4B6}.Debug|x86.Deploy.0 = Debug|x86
		{5E4BDD7E-17F0-4F16-99AB-A574A7EEC4B6}.Release|Any CPU.ActiveCfg = Release|x86
		{5E4BDD7E-17F0-4F16-99AB-A574A7EEC4B6}.Release|ARM.ActiveCfg = Release|ARM
		{5E4BDD7E-17F0-4F16-99AB-A574A7EEC4B6}.Release|ARM.Build.0 = Release|ARM
		{5E4BDD7E-17F0-4F16-99AB-A574A7EEC4B6}.Release|ARM.Deploy.0 = Release|ARM
		{5E4BDD7E-17F0-4F16-99AB-A574A7EEC4B6}.Release|iPhone.ActiveCfg = Release|x86
		{5E4BDD7E-17F0-4F16-99AB-A574A7EEC4B6}.Release|iPhoneSimulator.ActiveCfg = Release|x86
		{5E4BDD7E-17F0-4F16-99AB-A574A7EEC4B6}.Release|x64.ActiveCfg = Release|x64
		{5E4BDD7E-17F0-4F16-99AB-A574A7EEC4B6}.Release|x64.Build.0 = Release|x64
		{5E4BDD7E-17F0-4F16-99AB-A574A7EEC4B6}.Release|x64.Deploy.0 = Release|x64
		{5E4BDD7E-17F0-4F16-99AB-A574A7EEC4B6}.Release|x86.ActiveCfg = Release|x86
		{5E4BDD7E-17F0-4F16-99AB-A574A7EEC4B6}.Release|x86.Build.0 = Release|x86
		{5E4BDD7E-17F0-4F16-99AB-A574A7EEC4B6}.Release|x86.Deploy.0 = Release|x86
		{8CB529EB-9ED9-4314-9BCD-50F435B04807}.Ad-Hoc|Any CPU.ActiveCfg = Ad-Hoc|iPhone
		{8CB529EB-9ED9-4314-9BCD-50F435B04807}.Ad-Hoc|ARM.ActiveCfg = Ad-Hoc|iPhone
		{8CB529EB-9ED9-4314-9BCD-50F435B04807}.Ad-Hoc|iPhone.ActiveCfg = Ad-Hoc|iPhone
		{8CB529EB-9ED9-4314-9BCD-50F435B04807}.Ad-Hoc|iPhone.Build.0 = Ad-Hoc|iPhone
		{8CB529EB-9ED9-4314-9BCD-50F435B04807}.Ad-Hoc|iPhoneSimulator.ActiveCfg = Ad-Hoc|iPhoneSimulator
		{8CB529EB-9ED9-4314-9BCD-50F435B04807}.Ad-Hoc|iPhoneSimulator.Build.0 = Ad-Hoc|iPhoneSimulator
		{8CB529EB-9ED9-4314-9BCD-50F435B04807}.Ad-Hoc|x64.ActiveCfg = Ad-Hoc|iPhone
		{8CB529EB-9ED9-4314-9BCD-50F435B04807}.Ad-Hoc|x86.ActiveCfg = Ad-Hoc|iPhone
		{8CB529EB-9ED9-4314-9BCD-50F435B04807}.AppStore|Any CPU.ActiveCfg = AppStore|iPhone
		{8CB529EB-9ED9-4314-9BCD-50F435B04807}.AppStore|ARM.ActiveCfg = AppStore|iPhone
		{8CB529EB-9ED9-4314-9BCD-50F435B04807}.AppStore|iPhone.ActiveCfg = AppStore|iPhone
		{8CB529EB-9ED9-4314-9BCD-50F435B04807}.AppStore|iPhone.Build.0 = AppStore|iPhone
		{8CB529EB-9ED9-4314-9BCD-50F435B04807}.AppStore|iPhoneSimulator.ActiveCfg = AppStore|iPhoneSimulator
		{8CB529EB-9ED9-4314-9BCD-50F435B04807}.AppStore|iPhoneSimulator.Build.0 = AppStore|iPhoneSimulator
		{8CB529EB-9ED9-4314-9BCD-50F435B04807}.AppStore|x64.ActiveCfg = AppStore|iPhone
		{8CB529EB-9ED9-4314-9BCD-50F435B04807}.AppStore|x86.ActiveCfg = AppStore|iPhone
		{8CB529EB-9ED9-4314-9BCD-50F435B04807}.Debug|Any CPU.ActiveCfg = Debug|iPhone
		{8CB529EB-9ED9-4314-9BCD-50F435B04807}.Debug|ARM.ActiveCfg = Debug|iPhone
		{8CB529EB-9ED9-4314-9BCD-50F435B04807}.Debug|iPhone.ActiveCfg = Debug|iPhone
		{8CB529EB-9ED9-4314-9BCD-50F435B04807}.Debug|iPhone.Build.0 = Debug|iPhone
		{8CB529EB-9ED9-4314-9BCD-50F435B04807}.Debug|iPhoneSimulator.ActiveCfg = Debug|iPhoneSimulator
		{8CB529EB-9ED9-4314-9BCD-50F435B04807}.Debug|iPhoneSimulator.Build.0 = Debug|iPhoneSimulator
		{8CB529EB-9ED9-4314-9BCD-50F435B04807}.Debug|x64.ActiveCfg = Debug|iPhone
		{8CB529EB-9ED9-4314-9BCD-50F435B04807}.Debug|x86.ActiveCfg = Debug|iPhone
		{8CB529EB-9ED9-4314-9BCD-50F435B04807}.Release|Any CPU.ActiveCfg = Release|iPhone
		{8CB529EB-9ED9-4314-9BCD-50F435B04807}.Release|ARM.ActiveCfg = Release|iPhone
		{8CB529EB-9ED9-4314-9BCD-50F435B04807}.Release|iPhone.ActiveCfg = Release|iPhone
		{8CB529EB-9ED9-4314-9BCD-50F435B04807}.Release|iPhone.Build.0 = Release|iPhone
		{8CB529EB-9ED9-4314-9BCD-50F435B04807}.Release|iPhoneSimulator.ActiveCfg = Release|iPhoneSimulator
		{8CB529EB-9ED9-4314-9BCD-50F435B04807}.Release|iPhoneSimulator.Build.0 = Release|iPhoneSimulator
		{8CB529EB-9ED9-4314-9BCD-50F435B04807}.Release|x64.ActiveCfg = Release|iPhone
		{8CB529EB-9ED9-4314-9BCD-50F435B04807}.Release|x86.ActiveCfg = Release|iPhone
		{473A8E0A-49CC-44B7-85E1-AFCB51261285}.Ad-Hoc|Any CPU.ActiveCfg = Release|Any CPU
		{473A8E0A-49CC-44B7-85E1-AFCB51261285}.Ad-Hoc|Any CPU.Build.0 = Release|Any CPU
		{473A8E0A-49CC-44B7-85E1-AFCB51261285}.Ad-Hoc|ARM.ActiveCfg = Release|Any CPU
		{473A8E0A-49CC-44B7-85E1-AFCB51261285}.Ad-Hoc|ARM.Build.0 = Release|Any CPU
		{473A8E0A-49CC-44B7-85E1-AFCB51261285}.Ad-Hoc|iPhone.ActiveCfg = Release|Any CPU
		{473A8E0A-49CC-44B7-85E1-AFCB51261285}.Ad-Hoc|iPhone.Build.0 = Release|Any CPU
		{473A8E0A-49CC-44B7-85E1-AFCB51261285}.Ad-Hoc|iPhoneSimulator.ActiveCfg = Release|Any CPU
		{473A8E0A-49CC-44B7-85E1-AFCB51261285}.Ad-Hoc|iPhoneSimulator.Build.0 = Release|Any CPU
		{473A8E0A-49CC-44B7-85E1-AFCB51261285}.Ad-Hoc|x64.ActiveCfg = Release|Any CPU
		{473A8E0A-49CC-44B7-85E1-AFCB51261285}.Ad-Hoc|x64.Build.0 = Release|Any CPU
		{473A8E0A-49CC-44B7-85E1-AFCB51261285}.Ad-Hoc|x86.ActiveCfg = Release|Any CPU
		{473A8E0A-49CC-44B7-85E1-AFCB51261285}.Ad-Hoc|x86.Build.0 = Release|Any CPU
		{473A8E0A-49CC-44B7-85E1-AFCB51261285}.AppStore|Any CPU.ActiveCfg = Release|Any CPU
		{473A8E0A-49CC-44B7-85E1-AFCB51261285}.AppStore|Any CPU.Build.0 = Release|Any CPU
		{473A8E0A-49CC-44B7-85E1-AFCB51261285}.AppStore|ARM.ActiveCfg = Release|Any CPU
		{473A8E0A-49CC-44B7-85E1-AFCB51261285}.AppStore|ARM.Build.0 = Release|Any CPU
		{473A8E0A-49CC-44B7-85E1-AFCB51261285}.AppStore|iPhone.ActiveCfg = Release|Any CPU
		{473A8E0A-49CC-44B7-85E1-AFCB51261285}.AppStore|iPhone.Build.0 = Release|Any CPU
		{473A8E0A-49CC-44B7-85E1-AFCB51261285}.AppStore|iPhoneSimulator.ActiveCfg = Release|Any CPU
		{473A8E0A-49CC-44B7-85E1-AFCB51261285}.AppStore|iPhoneSimulator.Build.0 = Release|Any CPU
		{473A8E0A-49CC-44B7-85E1-AFCB51261285}.AppStore|x64.ActiveCfg = Release|Any CPU
		{473A8E0A-49CC-44B7-85E1-AFCB51261285}.AppStore|x64.Build.0 = Release|Any CPU
		{473A8E0A-49CC-44B7-85E1-AFCB51261285}.AppStore|x86.ActiveCfg = Release|Any CPU
		{473A8E0A-49CC-44B7-85E1-AFCB51261285}.AppStore|x86.Build.0 = Release|Any CPU
		{473A8E0A-49CC-44B7-85E1-AFCB51261285}.Debug|Any CPU.ActiveCfg = Debug|Any CPU
		{473A8E0A-49CC-44B7-85E1-AFCB51261285}.Debug|Any CPU.Build.0 = Debug|Any CPU
		{473A8E0A-49CC-44B7-85E1-AFCB51261285}.Debug|ARM.ActiveCfg = Debug|Any CPU
		{473A8E0A-49CC-44B7-85E1-AFCB51261285}.Debug|ARM.Build.0 = Debug|Any CPU
		{473A8E0A-49CC-44B7-85E1-AFCB51261285}.Debug|iPhone.ActiveCfg = Debug|Any CPU
		{473A8E0A-49CC-44B7-85E1-AFCB51261285}.Debug|iPhone.Build.0 = Debug|Any CPU
		{473A8E0A-49CC-44B7-85E1-AFCB51261285}.Debug|iPhoneSimulator.ActiveCfg = Debug|Any CPU
		{473A8E0A-49CC-44B7-85E1-AFCB51261285}.Debug|iPhoneSimulator.Build.0 = Debug|Any CPU
		{473A8E0A-49CC-44B7-85E1-AFCB51261285}.Debug|x64.ActiveCfg = Debug|Any CPU
		{473A8E0A-49CC-44B7-85E1-AFCB51261285}.Debug|x64.Build.0 = Debug|Any CPU
		{473A8E0A-49CC-44B7-85E1-AFCB51261285}.Debug|x86.ActiveCfg = Debug|Any CPU
		{473A8E0A-49CC-44B7-85E1-AFCB51261285}.Debug|x86.Build.0 = Debug|Any CPU
		{473A8E0A-49CC-44B7-85E1-AFCB51261285}.Release|Any CPU.ActiveCfg = Release|Any CPU
		{473A8E0A-49CC-44B7-85E1-AFCB51261285}.Release|Any CPU.Build.0 = Release|Any CPU
		{473A8E0A-49CC-44B7-85E1-AFCB51261285}.Release|ARM.ActiveCfg = Release|Any CPU
		{473A8E0A-49CC-44B7-85E1-AFCB51261285}.Release|ARM.Build.0 = Release|Any CPU
		{473A8E0A-49CC-44B7-85E1-AFCB51261285}.Release|iPhone.ActiveCfg = Release|Any CPU
		{473A8E0A-49CC-44B7-85E1-AFCB51261285}.Release|iPhone.Build.0 = Release|Any CPU
		{473A8E0A-49CC-44B7-85E1-AFCB51261285}.Release|iPhoneSimulator.ActiveCfg = Release|Any CPU
		{473A8E0A-49CC-44B7-85E1-AFCB51261285}.Release|iPhoneSimulator.Build.0 = Release|Any CPU
		{473A8E0A-49CC-44B7-85E1-AFCB51261285}.Release|x64.ActiveCfg = Release|Any CPU
		{473A8E0A-49CC-44B7-85E1-AFCB51261285}.Release|x64.Build.0 = Release|Any CPU
		{473A8E0A-49CC-44B7-85E1-AFCB51261285}.Release|x86.ActiveCfg = Release|Any CPU
		{473A8E0A-49CC-44B7-85E1-AFCB51261285}.Release|x86.Build.0 = Release|Any CPU
		{CF6C4CFD-F578-4AC0-AD2F-368D6BCA06B3}.Ad-Hoc|Any CPU.ActiveCfg = Release|Any CPU
		{CF6C4CFD-F578-4AC0-AD2F-368D6BCA06B3}.Ad-Hoc|Any CPU.Build.0 = Release|Any CPU
		{CF6C4CFD-F578-4AC0-AD2F-368D6BCA06B3}.Ad-Hoc|ARM.ActiveCfg = Release|Any CPU
		{CF6C4CFD-F578-4AC0-AD2F-368D6BCA06B3}.Ad-Hoc|ARM.Build.0 = Release|Any CPU
		{CF6C4CFD-F578-4AC0-AD2F-368D6BCA06B3}.Ad-Hoc|iPhone.ActiveCfg = Release|Any CPU
		{CF6C4CFD-F578-4AC0-AD2F-368D6BCA06B3}.Ad-Hoc|iPhone.Build.0 = Release|Any CPU
		{CF6C4CFD-F578-4AC0-AD2F-368D6BCA06B3}.Ad-Hoc|iPhoneSimulator.ActiveCfg = Release|Any CPU
		{CF6C4CFD-F578-4AC0-AD2F-368D6BCA06B3}.Ad-Hoc|iPhoneSimulator.Build.0 = Release|Any CPU
		{CF6C4CFD-F578-4AC0-AD2F-368D6BCA06B3}.Ad-Hoc|x64.ActiveCfg = Release|Any CPU
		{CF6C4CFD-F578-4AC0-AD2F-368D6BCA06B3}.Ad-Hoc|x64.Build.0 = Release|Any CPU
		{CF6C4CFD-F578-4AC0-AD2F-368D6BCA06B3}.Ad-Hoc|x86.ActiveCfg = Release|Any CPU
		{CF6C4CFD-F578-4AC0-AD2F-368D6BCA06B3}.Ad-Hoc|x86.Build.0 = Release|Any CPU
		{CF6C4CFD-F578-4AC0-AD2F-368D6BCA06B3}.AppStore|Any CPU.ActiveCfg = Release|Any CPU
		{CF6C4CFD-F578-4AC0-AD2F-368D6BCA06B3}.AppStore|Any CPU.Build.0 = Release|Any CPU
		{CF6C4CFD-F578-4AC0-AD2F-368D6BCA06B3}.AppStore|ARM.ActiveCfg = Release|Any CPU
		{CF6C4CFD-F578-4AC0-AD2F-368D6BCA06B3}.AppStore|ARM.Build.0 = Release|Any CPU
		{CF6C4CFD-F578-4AC0-AD2F-368D6BCA06B3}.AppStore|iPhone.ActiveCfg = Release|Any CPU
		{CF6C4CFD-F578-4AC0-AD2F-368D6BCA06B3}.AppStore|iPhone.Build.0 = Release|Any CPU
		{CF6C4CFD-F578-4AC0-AD2F-368D6BCA06B3}.AppStore|iPhoneSimulator.ActiveCfg = Release|Any CPU
		{CF6C4CFD-F578-4AC0-AD2F-368D6BCA06B3}.AppStore|iPhoneSimulator.Build.0 = Release|Any CPU
		{CF6C4CFD-F578-4AC0-AD2F-368D6BCA06B3}.AppStore|x64.ActiveCfg = Release|Any CPU
		{CF6C4CFD-F578-4AC0-AD2F-368D6BCA06B3}.AppStore|x64.Build.0 = Release|Any CPU
		{CF6C4CFD-F578-4AC0-AD2F-368D6BCA06B3}.AppStore|x86.ActiveCfg = Release|Any CPU
		{CF6C4CFD-F578-4AC0-AD2F-368D6BCA06B3}.AppStore|x86.Build.0 = Release|Any CPU
		{CF6C4CFD-F578-4AC0-AD2F-368D6BCA06B3}.Debug|Any CPU.ActiveCfg = Debug|Any CPU
		{CF6C4CFD-F578-4AC0-AD2F-368D6BCA06B3}.Debug|Any CPU.Build.0 = Debug|Any CPU
		{CF6C4CFD-F578-4AC0-AD2F-368D6BCA06B3}.Debug|ARM.ActiveCfg = Debug|Any CPU
		{CF6C4CFD-F578-4AC0-AD2F-368D6BCA06B3}.Debug|ARM.Build.0 = Debug|Any CPU
		{CF6C4CFD-F578-4AC0-AD2F-368D6BCA06B3}.Debug|iPhone.ActiveCfg = Debug|Any CPU
		{CF6C4CFD-F578-4AC0-AD2F-368D6BCA06B3}.Debug|iPhone.Build.0 = Debug|Any CPU
		{CF6C4CFD-F578-4AC0-AD2F-368D6BCA06B3}.Debug|iPhoneSimulator.ActiveCfg = Debug|Any CPU
		{CF6C4CFD-F578-4AC0-AD2F-368D6BCA06B3}.Debug|iPhoneSimulator.Build.0 = Debug|Any CPU
		{CF6C4CFD-F578-4AC0-AD2F-368D6BCA06B3}.Debug|x64.ActiveCfg = Debug|Any CPU
		{CF6C4CFD-F578-4AC0-AD2F-368D6BCA06B3}.Debug|x64.Build.0 = Debug|Any CPU
		{CF6C4CFD-F578-4AC0-AD2F-368D6BCA06B3}.Debug|x86.ActiveCfg = Debug|Any CPU
		{CF6C4CFD-F578-4AC0-AD2F-368D6BCA06B3}.Debug|x86.Build.0 = Debug|Any CPU
		{CF6C4CFD-F578-4AC0-AD2F-368D6BCA06B3}.Release|Any CPU.ActiveCfg = Release|Any CPU
		{CF6C4CFD-F578-4AC0-AD2F-368D6BCA06B3}.Release|Any CPU.Build.0 = Release|Any CPU
		{CF6C4CFD-F578-4AC0-AD2F-368D6BCA06B3}.Release|ARM.ActiveCfg = Release|Any CPU
		{CF6C4CFD-F578-4AC0-AD2F-368D6BCA06B3}.Release|ARM.Build.0 = Release|Any CPU
		{CF6C4CFD-F578-4AC0-AD2F-368D6BCA06B3}.Release|iPhone.ActiveCfg = Release|Any CPU
		{CF6C4CFD-F578-4AC0-AD2F-368D6BCA06B3}.Release|iPhone.Build.0 = Release|Any CPU
		{CF6C4CFD-F578-4AC0-AD2F-368D6BCA06B3}.Release|iPhoneSimulator.ActiveCfg = Release|Any CPU
		{CF6C4CFD-F578-4AC0-AD2F-368D6BCA06B3}.Release|iPhoneSimulator.Build.0 = Release|Any CPU
		{CF6C4CFD-F578-4AC0-AD2F-368D6BCA06B3}.Release|x64.ActiveCfg = Release|Any CPU
		{CF6C4CFD-F578-4AC0-AD2F-368D6BCA06B3}.Release|x64.Build.0 = Release|Any CPU
		{CF6C4CFD-F578-4AC0-AD2F-368D6BCA06B3}.Release|x86.ActiveCfg = Release|Any CPU
		{CF6C4CFD-F578-4AC0-AD2F-368D6BCA06B3}.Release|x86.Build.0 = Release|Any CPU
		{3A6868D2-DC60-4653-A15E-44610F330BE4}.Ad-Hoc|Any CPU.ActiveCfg = Release|Any CPU
		{3A6868D2-DC60-4653-A15E-44610F330BE4}.Ad-Hoc|Any CPU.Build.0 = Release|Any CPU
		{3A6868D2-DC60-4653-A15E-44610F330BE4}.Ad-Hoc|ARM.ActiveCfg = Release|Any CPU
		{3A6868D2-DC60-4653-A15E-44610F330BE4}.Ad-Hoc|ARM.Build.0 = Release|Any CPU
		{3A6868D2-DC60-4653-A15E-44610F330BE4}.Ad-Hoc|iPhone.ActiveCfg = Release|Any CPU
		{3A6868D2-DC60-4653-A15E-44610F330BE4}.Ad-Hoc|iPhone.Build.0 = Release|Any CPU
		{3A6868D2-DC60-4653-A15E-44610F330BE4}.Ad-Hoc|iPhoneSimulator.ActiveCfg = Release|Any CPU
		{3A6868D2-DC60-4653-A15E-44610F330BE4}.Ad-Hoc|iPhoneSimulator.Build.0 = Release|Any CPU
		{3A6868D2-DC60-4653-A15E-44610F330BE4}.Ad-Hoc|x64.ActiveCfg = Release|Any CPU
		{3A6868D2-DC60-4653-A15E-44610F330BE4}.Ad-Hoc|x64.Build.0 = Release|Any CPU
		{3A6868D2-DC60-4653-A15E-44610F330BE4}.Ad-Hoc|x86.ActiveCfg = Release|Any CPU
		{3A6868D2-DC60-4653-A15E-44610F330BE4}.Ad-Hoc|x86.Build.0 = Release|Any CPU
		{3A6868D2-DC60-4653-A15E-44610F330BE4}.AppStore|Any CPU.ActiveCfg = Release|Any CPU
		{3A6868D2-DC60-4653-A15E-44610F330BE4}.AppStore|Any CPU.Build.0 = Release|Any CPU
		{3A6868D2-DC60-4653-A15E-44610F330BE4}.AppStore|ARM.ActiveCfg = Release|Any CPU
		{3A6868D2-DC60-4653-A15E-44610F330BE4}.AppStore|ARM.Build.0 = Release|Any CPU
		{3A6868D2-DC60-4653-A15E-44610F330BE4}.AppStore|iPhone.ActiveCfg = Release|Any CPU
		{3A6868D2-DC60-4653-A15E-44610F330BE4}.AppStore|iPhone.Build.0 = Release|Any CPU
		{3A6868D2-DC60-4653-A15E-44610F330BE4}.AppStore|iPhoneSimulator.ActiveCfg = Release|Any CPU
		{3A6868D2-DC60-4653-A15E-44610F330BE4}.AppStore|iPhoneSimulator.Build.0 = Release|Any CPU
		{3A6868D2-DC60-4653-A15E-44610F330BE4}.AppStore|x64.ActiveCfg = Release|Any CPU
		{3A6868D2-DC60-4653-A15E-44610F330BE4}.AppStore|x64.Build.0 = Release|Any CPU
		{3A6868D2-DC60-4653-A15E-44610F330BE4}.AppStore|x86.ActiveCfg = Release|Any CPU
		{3A6868D2-DC60-4653-A15E-44610F330BE4}.AppStore|x86.Build.0 = Release|Any CPU
		{3A6868D2-DC60-4653-A15E-44610F330BE4}.Debug|Any CPU.ActiveCfg = Debug|Any CPU
		{3A6868D2-DC60-4653-A15E-44610F330BE4}.Debug|Any CPU.Build.0 = Debug|Any CPU
		{3A6868D2-DC60-4653-A15E-44610F330BE4}.Debug|ARM.ActiveCfg = Debug|Any CPU
		{3A6868D2-DC60-4653-A15E-44610F330BE4}.Debug|ARM.Build.0 = Debug|Any CPU
		{3A6868D2-DC60-4653-A15E-44610F330BE4}.Debug|iPhone.ActiveCfg = Debug|Any CPU
		{3A6868D2-DC60-4653-A15E-44610F330BE4}.Debug|iPhone.Build.0 = Debug|Any CPU
		{3A6868D2-DC60-4653-A15E-44610F330BE4}.Debug|iPhoneSimulator.ActiveCfg = Debug|Any CPU
		{3A6868D2-DC60-4653-A15E-44610F330BE4}.Debug|iPhoneSimulator.Build.0 = Debug|Any CPU
		{3A6868D2-DC60-4653-A15E-44610F330BE4}.Debug|x64.ActiveCfg = Debug|Any CPU
		{3A6868D2-DC60-4653-A15E-44610F330BE4}.Debug|x64.Build.0 = Debug|Any CPU
		{3A6868D2-DC60-4653-A15E-44610F330BE4}.Debug|x86.ActiveCfg = Debug|Any CPU
		{3A6868D2-DC60-4653-A15E-44610F330BE4}.Debug|x86.Build.0 = Debug|Any CPU
		{3A6868D2-DC60-4653-A15E-44610F330BE4}.Release|Any CPU.ActiveCfg = Release|Any CPU
		{3A6868D2-DC60-4653-A15E-44610F330BE4}.Release|Any CPU.Build.0 = Release|Any CPU
		{3A6868D2-DC60-4653-A15E-44610F330BE4}.Release|ARM.ActiveCfg = Release|Any CPU
		{3A6868D2-DC60-4653-A15E-44610F330BE4}.Release|ARM.Build.0 = Release|Any CPU
		{3A6868D2-DC60-4653-A15E-44610F330BE4}.Release|iPhone.ActiveCfg = Release|Any CPU
		{3A6868D2-DC60-4653-A15E-44610F330BE4}.Release|iPhone.Build.0 = Release|Any CPU
		{3A6868D2-DC60-4653-A15E-44610F330BE4}.Release|iPhoneSimulator.ActiveCfg = Release|Any CPU
		{3A6868D2-DC60-4653-A15E-44610F330BE4}.Release|iPhoneSimulator.Build.0 = Release|Any CPU
		{3A6868D2-DC60-4653-A15E-44610F330BE4}.Release|x64.ActiveCfg = Release|Any CPU
		{3A6868D2-DC60-4653-A15E-44610F330BE4}.Release|x64.Build.0 = Release|Any CPU
		{3A6868D2-DC60-4653-A15E-44610F330BE4}.Release|x86.ActiveCfg = Release|Any CPU
		{3A6868D2-DC60-4653-A15E-44610F330BE4}.Release|x86.Build.0 = Release|Any CPU
		{9EBD8847-3D2E-4AC4-AE56-6A30924BE279}.Ad-Hoc|Any CPU.ActiveCfg = Release|Any CPU
		{9EBD8847-3D2E-4AC4-AE56-6A30924BE279}.Ad-Hoc|Any CPU.Build.0 = Release|Any CPU
		{9EBD8847-3D2E-4AC4-AE56-6A30924BE279}.Ad-Hoc|ARM.ActiveCfg = Release|Any CPU
		{9EBD8847-3D2E-4AC4-AE56-6A30924BE279}.Ad-Hoc|ARM.Build.0 = Release|Any CPU
		{9EBD8847-3D2E-4AC4-AE56-6A30924BE279}.Ad-Hoc|iPhone.ActiveCfg = Release|Any CPU
		{9EBD8847-3D2E-4AC4-AE56-6A30924BE279}.Ad-Hoc|iPhone.Build.0 = Release|Any CPU
		{9EBD8847-3D2E-4AC4-AE56-6A30924BE279}.Ad-Hoc|iPhoneSimulator.ActiveCfg = Release|Any CPU
		{9EBD8847-3D2E-4AC4-AE56-6A30924BE279}.Ad-Hoc|iPhoneSimulator.Build.0 = Release|Any CPU
		{9EBD8847-3D2E-4AC4-AE56-6A30924BE279}.Ad-Hoc|x64.ActiveCfg = Release|Any CPU
		{9EBD8847-3D2E-4AC4-AE56-6A30924BE279}.Ad-Hoc|x64.Build.0 = Release|Any CPU
		{9EBD8847-3D2E-4AC4-AE56-6A30924BE279}.Ad-Hoc|x86.ActiveCfg = Release|Any CPU
		{9EBD8847-3D2E-4AC4-AE56-6A30924BE279}.Ad-Hoc|x86.Build.0 = Release|Any CPU
		{9EBD8847-3D2E-4AC4-AE56-6A30924BE279}.AppStore|Any CPU.ActiveCfg = Release|Any CPU
		{9EBD8847-3D2E-4AC4-AE56-6A30924BE279}.AppStore|Any CPU.Build.0 = Release|Any CPU
		{9EBD8847-3D2E-4AC4-AE56-6A30924BE279}.AppStore|ARM.ActiveCfg = Release|Any CPU
		{9EBD8847-3D2E-4AC4-AE56-6A30924BE279}.AppStore|ARM.Build.0 = Release|Any CPU
		{9EBD8847-3D2E-4AC4-AE56-6A30924BE279}.AppStore|iPhone.ActiveCfg = Release|Any CPU
		{9EBD8847-3D2E-4AC4-AE56-6A30924BE279}.AppStore|iPhone.Build.0 = Release|Any CPU
		{9EBD8847-3D2E-4AC4-AE56-6A30924BE279}.AppStore|iPhoneSimulator.ActiveCfg = Release|Any CPU
		{9EBD8847-3D2E-4AC4-AE56-6A30924BE279}.AppStore|iPhoneSimulator.Build.0 = Release|Any CPU
		{9EBD8847-3D2E-4AC4-AE56-6A30924BE279}.AppStore|x64.ActiveCfg = Release|Any CPU
		{9EBD8847-3D2E-4AC4-AE56-6A30924BE279}.AppStore|x64.Build.0 = Release|Any CPU
		{9EBD8847-3D2E-4AC4-AE56-6A30924BE279}.AppStore|x86.ActiveCfg = Release|Any CPU
		{9EBD8847-3D2E-4AC4-AE56-6A30924BE279}.AppStore|x86.Build.0 = Release|Any CPU
		{9EBD8847-3D2E-4AC4-AE56-6A30924BE279}.Debug|Any CPU.ActiveCfg = Debug|Any CPU
		{9EBD8847-3D2E-4AC4-AE56-6A30924BE279}.Debug|Any CPU.Build.0 = Debug|Any CPU
		{9EBD8847-3D2E-4AC4-AE56-6A30924BE279}.Debug|ARM.ActiveCfg = Debug|Any CPU
		{9EBD8847-3D2E-4AC4-AE56-6A30924BE279}.Debug|ARM.Build.0 = Debug|Any CPU
		{9EBD8847-3D2E-4AC4-AE56-6A30924BE279}.Debug|iPhone.ActiveCfg = Debug|Any CPU
		{9EBD8847-3D2E-4AC4-AE56-6A30924BE279}.Debug|iPhone.Build.0 = Debug|Any CPU
		{9EBD8847-3D2E-4AC4-AE56-6A30924BE279}.Debug|iPhoneSimulator.ActiveCfg = Debug|Any CPU
		{9EBD8847-3D2E-4AC4-AE56-6A30924BE279}.Debug|iPhoneSimulator.Build.0 = Debug|Any CPU
		{9EBD8847-3D2E-4AC4-AE56-6A30924BE279}.Debug|x64.ActiveCfg = Debug|Any CPU
		{9EBD8847-3D2E-4AC4-AE56-6A30924BE279}.Debug|x64.Build.0 = Debug|Any CPU
		{9EBD8847-3D2E-4AC4-AE56-6A30924BE279}.Debug|x86.ActiveCfg = Debug|Any CPU
		{9EBD8847-3D2E-4AC4-AE56-6A30924BE279}.Debug|x86.Build.0 = Debug|Any CPU
		{9EBD8847-3D2E-4AC4-AE56-6A30924BE279}.Release|Any CPU.ActiveCfg = Release|Any CPU
		{9EBD8847-3D2E-4AC4-AE56-6A30924BE279}.Release|Any CPU.Build.0 = Release|Any CPU
		{9EBD8847-3D2E-4AC4-AE56-6A30924BE279}.Release|ARM.ActiveCfg = Release|Any CPU
		{9EBD8847-3D2E-4AC4-AE56-6A30924BE279}.Release|ARM.Build.0 = Release|Any CPU
		{9EBD8847-3D2E-4AC4-AE56-6A30924BE279}.Release|iPhone.ActiveCfg = Release|Any CPU
		{9EBD8847-3D2E-4AC4-AE56-6A30924BE279}.Release|iPhone.Build.0 = Release|Any CPU
		{9EBD8847-3D2E-4AC4-AE56-6A30924BE279}.Release|iPhoneSimulator.ActiveCfg = Release|Any CPU
		{9EBD8847-3D2E-4AC4-AE56-6A30924BE279}.Release|iPhoneSimulator.Build.0 = Release|Any CPU
		{9EBD8847-3D2E-4AC4-AE56-6A30924BE279}.Release|x64.ActiveCfg = Release|Any CPU
		{9EBD8847-3D2E-4AC4-AE56-6A30924BE279}.Release|x64.Build.0 = Release|Any CPU
		{9EBD8847-3D2E-4AC4-AE56-6A30924BE279}.Release|x86.ActiveCfg = Release|Any CPU
		{9EBD8847-3D2E-4AC4-AE56-6A30924BE279}.Release|x86.Build.0 = Release|Any CPU
		{3A2ECC3A-2594-432C-B57E-6FF62E0DD386}.Ad-Hoc|Any CPU.ActiveCfg = Release|Any CPU
		{3A2ECC3A-2594-432C-B57E-6FF62E0DD386}.Ad-Hoc|Any CPU.Build.0 = Release|Any CPU
		{3A2ECC3A-2594-432C-B57E-6FF62E0DD386}.Ad-Hoc|ARM.ActiveCfg = Release|Any CPU
		{3A2ECC3A-2594-432C-B57E-6FF62E0DD386}.Ad-Hoc|ARM.Build.0 = Release|Any CPU
		{3A2ECC3A-2594-432C-B57E-6FF62E0DD386}.Ad-Hoc|iPhone.ActiveCfg = Release|Any CPU
		{3A2ECC3A-2594-432C-B57E-6FF62E0DD386}.Ad-Hoc|iPhone.Build.0 = Release|Any CPU
		{3A2ECC3A-2594-432C-B57E-6FF62E0DD386}.Ad-Hoc|iPhoneSimulator.ActiveCfg = Release|Any CPU
		{3A2ECC3A-2594-432C-B57E-6FF62E0DD386}.Ad-Hoc|iPhoneSimulator.Build.0 = Release|Any CPU
		{3A2ECC3A-2594-432C-B57E-6FF62E0DD386}.Ad-Hoc|x64.ActiveCfg = Release|Any CPU
		{3A2ECC3A-2594-432C-B57E-6FF62E0DD386}.Ad-Hoc|x64.Build.0 = Release|Any CPU
		{3A2ECC3A-2594-432C-B57E-6FF62E0DD386}.Ad-Hoc|x86.ActiveCfg = Release|Any CPU
		{3A2ECC3A-2594-432C-B57E-6FF62E0DD386}.Ad-Hoc|x86.Build.0 = Release|Any CPU
		{3A2ECC3A-2594-432C-B57E-6FF62E0DD386}.AppStore|Any CPU.ActiveCfg = Release|Any CPU
		{3A2ECC3A-2594-432C-B57E-6FF62E0DD386}.AppStore|Any CPU.Build.0 = Release|Any CPU
		{3A2ECC3A-2594-432C-B57E-6FF62E0DD386}.AppStore|ARM.ActiveCfg = Release|Any CPU
		{3A2ECC3A-2594-432C-B57E-6FF62E0DD386}.AppStore|ARM.Build.0 = Release|Any CPU
		{3A2ECC3A-2594-432C-B57E-6FF62E0DD386}.AppStore|iPhone.ActiveCfg = Release|Any CPU
		{3A2ECC3A-2594-432C-B57E-6FF62E0DD386}.AppStore|iPhone.Build.0 = Release|Any CPU
		{3A2ECC3A-2594-432C-B57E-6FF62E0DD386}.AppStore|iPhoneSimulator.ActiveCfg = Release|Any CPU
		{3A2ECC3A-2594-432C-B57E-6FF62E0DD386}.AppStore|iPhoneSimulator.Build.0 = Release|Any CPU
		{3A2ECC3A-2594-432C-B57E-6FF62E0DD386}.AppStore|x64.ActiveCfg = Release|Any CPU
		{3A2ECC3A-2594-432C-B57E-6FF62E0DD386}.AppStore|x64.Build.0 = Release|Any CPU
		{3A2ECC3A-2594-432C-B57E-6FF62E0DD386}.AppStore|x86.ActiveCfg = Release|Any CPU
		{3A2ECC3A-2594-432C-B57E-6FF62E0DD386}.AppStore|x86.Build.0 = Release|Any CPU
		{3A2ECC3A-2594-432C-B57E-6FF62E0DD386}.Debug|Any CPU.ActiveCfg = Debug|Any CPU
		{3A2ECC3A-2594-432C-B57E-6FF62E0DD386}.Debug|Any CPU.Build.0 = Debug|Any CPU
		{3A2ECC3A-2594-432C-B57E-6FF62E0DD386}.Debug|ARM.ActiveCfg = Debug|Any CPU
		{3A2ECC3A-2594-432C-B57E-6FF62E0DD386}.Debug|ARM.Build.0 = Debug|Any CPU
		{3A2ECC3A-2594-432C-B57E-6FF62E0DD386}.Debug|iPhone.ActiveCfg = Debug|Any CPU
		{3A2ECC3A-2594-432C-B57E-6FF62E0DD386}.Debug|iPhone.Build.0 = Debug|Any CPU
		{3A2ECC3A-2594-432C-B57E-6FF62E0DD386}.Debug|iPhoneSimulator.ActiveCfg = Debug|Any CPU
		{3A2ECC3A-2594-432C-B57E-6FF62E0DD386}.Debug|iPhoneSimulator.Build.0 = Debug|Any CPU
		{3A2ECC3A-2594-432C-B57E-6FF62E0DD386}.Debug|x64.ActiveCfg = Debug|Any CPU
		{3A2ECC3A-2594-432C-B57E-6FF62E0DD386}.Debug|x64.Build.0 = Debug|Any CPU
		{3A2ECC3A-2594-432C-B57E-6FF62E0DD386}.Debug|x86.ActiveCfg = Debug|Any CPU
		{3A2ECC3A-2594-432C-B57E-6FF62E0DD386}.Debug|x86.Build.0 = Debug|Any CPU
		{3A2ECC3A-2594-432C-B57E-6FF62E0DD386}.Release|Any CPU.ActiveCfg = Release|Any CPU
		{3A2ECC3A-2594-432C-B57E-6FF62E0DD386}.Release|Any CPU.Build.0 = Release|Any CPU
		{3A2ECC3A-2594-432C-B57E-6FF62E0DD386}.Release|ARM.ActiveCfg = Release|Any CPU
		{3A2ECC3A-2594-432C-B57E-6FF62E0DD386}.Release|ARM.Build.0 = Release|Any CPU
		{3A2ECC3A-2594-432C-B57E-6FF62E0DD386}.Release|iPhone.ActiveCfg = Release|Any CPU
		{3A2ECC3A-2594-432C-B57E-6FF62E0DD386}.Release|iPhone.Build.0 = Release|Any CPU
		{3A2ECC3A-2594-432C-B57E-6FF62E0DD386}.Release|iPhoneSimulator.ActiveCfg = Release|Any CPU
		{3A2ECC3A-2594-432C-B57E-6FF62E0DD386}.Release|iPhoneSimulator.Build.0 = Release|Any CPU
		{3A2ECC3A-2594-432C-B57E-6FF62E0DD386}.Release|x64.ActiveCfg = Release|Any CPU
		{3A2ECC3A-2594-432C-B57E-6FF62E0DD386}.Release|x64.Build.0 = Release|Any CPU
		{3A2ECC3A-2594-432C-B57E-6FF62E0DD386}.Release|x86.ActiveCfg = Release|Any CPU
		{3A2ECC3A-2594-432C-B57E-6FF62E0DD386}.Release|x86.Build.0 = Release|Any CPU
		{414BAFCE-B234-43A6-84E1-8F64AD69AA04}.Ad-Hoc|Any CPU.ActiveCfg = Release|Any CPU
		{414BAFCE-B234-43A6-84E1-8F64AD69AA04}.Ad-Hoc|Any CPU.Build.0 = Release|Any CPU
		{414BAFCE-B234-43A6-84E1-8F64AD69AA04}.Ad-Hoc|ARM.ActiveCfg = Release|Any CPU
		{414BAFCE-B234-43A6-84E1-8F64AD69AA04}.Ad-Hoc|ARM.Build.0 = Release|Any CPU
		{414BAFCE-B234-43A6-84E1-8F64AD69AA04}.Ad-Hoc|iPhone.ActiveCfg = Release|Any CPU
		{414BAFCE-B234-43A6-84E1-8F64AD69AA04}.Ad-Hoc|iPhone.Build.0 = Release|Any CPU
		{414BAFCE-B234-43A6-84E1-8F64AD69AA04}.Ad-Hoc|iPhoneSimulator.ActiveCfg = Release|Any CPU
		{414BAFCE-B234-43A6-84E1-8F64AD69AA04}.Ad-Hoc|iPhoneSimulator.Build.0 = Release|Any CPU
		{414BAFCE-B234-43A6-84E1-8F64AD69AA04}.Ad-Hoc|x64.ActiveCfg = Release|Any CPU
		{414BAFCE-B234-43A6-84E1-8F64AD69AA04}.Ad-Hoc|x64.Build.0 = Release|Any CPU
		{414BAFCE-B234-43A6-84E1-8F64AD69AA04}.Ad-Hoc|x86.ActiveCfg = Release|Any CPU
		{414BAFCE-B234-43A6-84E1-8F64AD69AA04}.Ad-Hoc|x86.Build.0 = Release|Any CPU
		{414BAFCE-B234-43A6-84E1-8F64AD69AA04}.AppStore|Any CPU.ActiveCfg = Release|Any CPU
		{414BAFCE-B234-43A6-84E1-8F64AD69AA04}.AppStore|Any CPU.Build.0 = Release|Any CPU
		{414BAFCE-B234-43A6-84E1-8F64AD69AA04}.AppStore|ARM.ActiveCfg = Release|Any CPU
		{414BAFCE-B234-43A6-84E1-8F64AD69AA04}.AppStore|ARM.Build.0 = Release|Any CPU
		{414BAFCE-B234-43A6-84E1-8F64AD69AA04}.AppStore|iPhone.ActiveCfg = Release|Any CPU
		{414BAFCE-B234-43A6-84E1-8F64AD69AA04}.AppStore|iPhone.Build.0 = Release|Any CPU
		{414BAFCE-B234-43A6-84E1-8F64AD69AA04}.AppStore|iPhoneSimulator.ActiveCfg = Release|Any CPU
		{414BAFCE-B234-43A6-84E1-8F64AD69AA04}.AppStore|iPhoneSimulator.Build.0 = Release|Any CPU
		{414BAFCE-B234-43A6-84E1-8F64AD69AA04}.AppStore|x64.ActiveCfg = Release|Any CPU
		{414BAFCE-B234-43A6-84E1-8F64AD69AA04}.AppStore|x64.Build.0 = Release|Any CPU
		{414BAFCE-B234-43A6-84E1-8F64AD69AA04}.AppStore|x86.ActiveCfg = Release|Any CPU
		{414BAFCE-B234-43A6-84E1-8F64AD69AA04}.AppStore|x86.Build.0 = Release|Any CPU
		{414BAFCE-B234-43A6-84E1-8F64AD69AA04}.Debug|Any CPU.ActiveCfg = Debug|Any CPU
		{414BAFCE-B234-43A6-84E1-8F64AD69AA04}.Debug|Any CPU.Build.0 = Debug|Any CPU
		{414BAFCE-B234-43A6-84E1-8F64AD69AA04}.Debug|ARM.ActiveCfg = Debug|Any CPU
		{414BAFCE-B234-43A6-84E1-8F64AD69AA04}.Debug|ARM.Build.0 = Debug|Any CPU
		{414BAFCE-B234-43A6-84E1-8F64AD69AA04}.Debug|iPhone.ActiveCfg = Debug|Any CPU
		{414BAFCE-B234-43A6-84E1-8F64AD69AA04}.Debug|iPhone.Build.0 = Debug|Any CPU
		{414BAFCE-B234-43A6-84E1-8F64AD69AA04}.Debug|iPhoneSimulator.ActiveCfg = Debug|Any CPU
		{414BAFCE-B234-43A6-84E1-8F64AD69AA04}.Debug|iPhoneSimulator.Build.0 = Debug|Any CPU
		{414BAFCE-B234-43A6-84E1-8F64AD69AA04}.Debug|x64.ActiveCfg = Debug|Any CPU
		{414BAFCE-B234-43A6-84E1-8F64AD69AA04}.Debug|x64.Build.0 = Debug|Any CPU
		{414BAFCE-B234-43A6-84E1-8F64AD69AA04}.Debug|x86.ActiveCfg = Debug|Any CPU
		{414BAFCE-B234-43A6-84E1-8F64AD69AA04}.Debug|x86.Build.0 = Debug|Any CPU
		{414BAFCE-B234-43A6-84E1-8F64AD69AA04}.Release|Any CPU.ActiveCfg = Release|Any CPU
		{414BAFCE-B234-43A6-84E1-8F64AD69AA04}.Release|Any CPU.Build.0 = Release|Any CPU
		{414BAFCE-B234-43A6-84E1-8F64AD69AA04}.Release|ARM.ActiveCfg = Release|Any CPU
		{414BAFCE-B234-43A6-84E1-8F64AD69AA04}.Release|ARM.Build.0 = Release|Any CPU
		{414BAFCE-B234-43A6-84E1-8F64AD69AA04}.Release|iPhone.ActiveCfg = Release|Any CPU
		{414BAFCE-B234-43A6-84E1-8F64AD69AA04}.Release|iPhone.Build.0 = Release|Any CPU
		{414BAFCE-B234-43A6-84E1-8F64AD69AA04}.Release|iPhoneSimulator.ActiveCfg = Release|Any CPU
		{414BAFCE-B234-43A6-84E1-8F64AD69AA04}.Release|iPhoneSimulator.Build.0 = Release|Any CPU
		{414BAFCE-B234-43A6-84E1-8F64AD69AA04}.Release|x64.ActiveCfg = Release|Any CPU
		{414BAFCE-B234-43A6-84E1-8F64AD69AA04}.Release|x64.Build.0 = Release|Any CPU
		{414BAFCE-B234-43A6-84E1-8F64AD69AA04}.Release|x86.ActiveCfg = Release|Any CPU
		{414BAFCE-B234-43A6-84E1-8F64AD69AA04}.Release|x86.Build.0 = Release|Any CPU
	EndGlobalSection
	GlobalSection(SolutionProperties) = preSolution
		HideSolutionNode = FALSE
	EndGlobalSection
	GlobalSection(NestedProjects) = preSolution
		{473A8E0A-49CC-44B7-85E1-AFCB51261285} = {E1CEE8AC-999E-48B3-A8CA-36570F0A62CF}
		{CF6C4CFD-F578-4AC0-AD2F-368D6BCA06B3} = {CEE5B7BC-6F68-4EC6-9788-5ECEEE7FDE11}
		{3A6868D2-DC60-4653-A15E-44610F330BE4} = {CEE5B7BC-6F68-4EC6-9788-5ECEEE7FDE11}
		{9EBD8847-3D2E-4AC4-AE56-6A30924BE279} = {CEE5B7BC-6F68-4EC6-9788-5ECEEE7FDE11}
		{3A2ECC3A-2594-432C-B57E-6FF62E0DD386} = {CEE5B7BC-6F68-4EC6-9788-5ECEEE7FDE11}
		{414BAFCE-B234-43A6-84E1-8F64AD69AA04} = {CEE5B7BC-6F68-4EC6-9788-5ECEEE7FDE11}
	EndGlobalSection
EndGlobal
